// !$*UTF8*$!
{
	archiveVersion = 1;
	classes = {
	};
	objectVersion = 46;
	objects = {

/* Begin PBXBuildFile section */
		5F45B7241CF2D1A50052DB95 /* AppDelegate.swift in Sources */ = {isa = PBXBuildFile; fileRef = 5F45B7231CF2D1A50052DB95 /* AppDelegate.swift */; };
		5F45B7261CF2D1A50052DB95 /* ViewController.swift in Sources */ = {isa = PBXBuildFile; fileRef = 5F45B7251CF2D1A50052DB95 /* ViewController.swift */; };
		5F45B7291CF2D1A50052DB95 /* Main.storyboard in Resources */ = {isa = PBXBuildFile; fileRef = 5F45B7271CF2D1A50052DB95 /* Main.storyboard */; };
		5F45B72B1CF2D1A50052DB95 /* Assets.xcassets in Resources */ = {isa = PBXBuildFile; fileRef = 5F45B72A1CF2D1A50052DB95 /* Assets.xcassets */; };
		5F45B72E1CF2D1A50052DB95 /* LaunchScreen.storyboard in Resources */ = {isa = PBXBuildFile; fileRef = 5F45B72C1CF2D1A50052DB95 /* LaunchScreen.storyboard */; };
		5F45B7391CF2D1A50052DB95 /* ConvertiblePageMenuTests.swift in Sources */ = {isa = PBXBuildFile; fileRef = 5F45B7381CF2D1A50052DB95 /* ConvertiblePageMenuTests.swift */; };
		5F45B7441CF2D1A50052DB95 /* ConvertiblePageMenuUITests.swift in Sources */ = {isa = PBXBuildFile; fileRef = 5F45B7431CF2D1A50052DB95 /* ConvertiblePageMenuUITests.swift */; };
/* End PBXBuildFile section */

/* Begin PBXContainerItemProxy section */
		5F45B7351CF2D1A50052DB95 /* PBXContainerItemProxy */ = {
			isa = PBXContainerItemProxy;
			containerPortal = 5F45B7181CF2D1A50052DB95 /* Project object */;
			proxyType = 1;
			remoteGlobalIDString = 5F45B71F1CF2D1A50052DB95;
			remoteInfo = ConvertiblePageMenu;
		};
		5F45B7401CF2D1A50052DB95 /* PBXContainerItemProxy */ = {
			isa = PBXContainerItemProxy;
			containerPortal = 5F45B7181CF2D1A50052DB95 /* Project object */;
			proxyType = 1;
			remoteGlobalIDString = 5F45B71F1CF2D1A50052DB95;
			remoteInfo = ConvertiblePageMenu;
		};
/* End PBXContainerItemProxy section */

/* Begin PBXFileReference section */
		5F45B7201CF2D1A50052DB95 /* ConvertiblePageMenu.app */ = {isa = PBXFileReference; explicitFileType = wrapper.application; includeInIndex = 0; path = ConvertiblePageMenu.app; sourceTree = BUILT_PRODUCTS_DIR; };
		5F45B7231CF2D1A50052DB95 /* AppDelegate.swift */ = {isa = PBXFileReference; lastKnownFileType = sourcecode.swift; path = AppDelegate.swift; sourceTree = "<group>"; };
		5F45B7251CF2D1A50052DB95 /* ViewController.swift */ = {isa = PBXFileReference; lastKnownFileType = sourcecode.swift; path = ViewController.swift; sourceTree = "<group>"; };
		5F45B7281CF2D1A50052DB95 /* Base */ = {isa = PBXFileReference; lastKnownFileType = file.storyboard; name = Base; path = Base.lproj/Main.storyboard; sourceTree = "<group>"; };
		5F45B72A1CF2D1A50052DB95 /* Assets.xcassets */ = {isa = PBXFileReference; lastKnownFileType = folder.assetcatalog; path = Assets.xcassets; sourceTree = "<group>"; };
		5F45B72D1CF2D1A50052DB95 /* Base */ = {isa = PBXFileReference; lastKnownFileType = file.storyboard; name = Base; path = Base.lproj/LaunchScreen.storyboard; sourceTree = "<group>"; };
		5F45B72F1CF2D1A50052DB95 /* Info.plist */ = {isa = PBXFileReference; lastKnownFileType = text.plist.xml; path = Info.plist; sourceTree = "<group>"; };
		5F45B7341CF2D1A50052DB95 /* ConvertiblePageMenuTests.xctest */ = {isa = PBXFileReference; explicitFileType = wrapper.cfbundle; includeInIndex = 0; path = ConvertiblePageMenuTests.xctest; sourceTree = BUILT_PRODUCTS_DIR; };
		5F45B7381CF2D1A50052DB95 /* ConvertiblePageMenuTests.swift */ = {isa = PBXFileReference; lastKnownFileType = sourcecode.swift; path = ConvertiblePageMenuTests.swift; sourceTree = "<group>"; };
		5F45B73A1CF2D1A50052DB95 /* Info.plist */ = {isa = PBXFileReference; lastKnownFileType = text.plist.xml; path = Info.plist; sourceTree = "<group>"; };
		5F45B73F1CF2D1A50052DB95 /* ConvertiblePageMenuUITests.xctest */ = {isa = PBXFileReference; explicitFileType = wrapper.cfbundle; includeInIndex = 0; path = ConvertiblePageMenuUITests.xctest; sourceTree = BUILT_PRODUCTS_DIR; };
		5F45B7431CF2D1A50052DB95 /* ConvertiblePageMenuUITests.swift */ = {isa = PBXFileReference; lastKnownFileType = sourcecode.swift; path = ConvertiblePageMenuUITests.swift; sourceTree = "<group>"; };
		5F45B7451CF2D1A50052DB95 /* Info.plist */ = {isa = PBXFileReference; lastKnownFileType = text.plist.xml; path = Info.plist; sourceTree = "<group>"; };
/* End PBXFileReference section */

/* Begin PBXFrameworksBuildPhase section */
		5F45B71D1CF2D1A50052DB95 /* Frameworks */ = {
			isa = PBXFrameworksBuildPhase;
			buildActionMask = 2147483647;
			files = (
			);
			runOnlyForDeploymentPostprocessing = 0;
		};
		5F45B7311CF2D1A50052DB95 /* Frameworks */ = {
			isa = PBXFrameworksBuildPhase;
			buildActionMask = 2147483647;
			files = (
			);
			runOnlyForDeploymentPostprocessing = 0;
		};
		5F45B73C1CF2D1A50052DB95 /* Frameworks */ = {
			isa = PBXFrameworksBuildPhase;
			buildActionMask = 2147483647;
			files = (
			);
			runOnlyForDeploymentPostprocessing = 0;
		};
/* End PBXFrameworksBuildPhase section */

/* Begin PBXGroup section */
		5F45B7171CF2D1A50052DB95 = {
			isa = PBXGroup;
			children = (
				5F45B7221CF2D1A50052DB95 /* ConvertiblePageMenu */,
				5F45B7371CF2D1A50052DB95 /* ConvertiblePageMenuTests */,
				5F45B7421CF2D1A50052DB95 /* ConvertiblePageMenuUITests */,
				5F45B7211CF2D1A50052DB95 /* Products */,
			);
			sourceTree = "<group>";
		};
		5F45B7211CF2D1A50052DB95 /* Products */ = {
			isa = PBXGroup;
			children = (
				5F45B7201CF2D1A50052DB95 /* ConvertiblePageMenu.app */,
				5F45B7341CF2D1A50052DB95 /* ConvertiblePageMenuTests.xctest */,
				5F45B73F1CF2D1A50052DB95 /* ConvertiblePageMenuUITests.xctest */,
			);
			name = Products;
			sourceTree = "<group>";
		};
		5F45B7221CF2D1A50052DB95 /* ConvertiblePageMenu */ = {
			isa = PBXGroup;
			children = (
				5F45B7231CF2D1A50052DB95 /* AppDelegate.swift */,
				5F45B7251CF2D1A50052DB95 /* ViewController.swift */,
				5F45B7271CF2D1A50052DB95 /* Main.storyboard */,
				5F45B72A1CF2D1A50052DB95 /* Assets.xcassets */,
				5F45B72C1CF2D1A50052DB95 /* LaunchScreen.storyboard */,
				5F45B72F1CF2D1A50052DB95 /* Info.plist */,
			);
			path = ConvertiblePageMenu;
			sourceTree = "<group>";
		};
		5F45B7371CF2D1A50052DB95 /* ConvertiblePageMenuTests */ = {
			isa = PBXGroup;
			children = (
				5F45B7381CF2D1A50052DB95 /* ConvertiblePageMenuTests.swift */,
				5F45B73A1CF2D1A50052DB95 /* Info.plist */,
			);
			path = ConvertiblePageMenuTests;
			sourceTree = "<group>";
		};
		5F45B7421CF2D1A50052DB95 /* ConvertiblePageMenuUITests */ = {
			isa = PBXGroup;
			children = (
				5F45B7431CF2D1A50052DB95 /* ConvertiblePageMenuUITests.swift */,
				5F45B7451CF2D1A50052DB95 /* Info.plist */,
			);
			path = ConvertiblePageMenuUITests;
			sourceTree = "<group>";
		};
/* End PBXGroup section */

/* Begin PBXNativeTarget section */
		5F45B71F1CF2D1A50052DB95 /* ConvertiblePageMenu */ = {
			isa = PBXNativeTarget;
			buildConfigurationList = 5F45B7481CF2D1A50052DB95 /* Build configuration list for PBXNativeTarget "ConvertiblePageMenu" */;
			buildPhases = (
				5F45B71C1CF2D1A50052DB95 /* Sources */,
				5F45B71D1CF2D1A50052DB95 /* Frameworks */,
				5F45B71E1CF2D1A50052DB95 /* Resources */,
			);
			buildRules = (
			);
			dependencies = (
			);
			name = ConvertiblePageMenu;
			productName = ConvertiblePageMenu;
			productReference = 5F45B7201CF2D1A50052DB95 /* ConvertiblePageMenu.app */;
			productType = "com.apple.product-type.application";
		};
		5F45B7331CF2D1A50052DB95 /* ConvertiblePageMenuTests */ = {
			isa = PBXNativeTarget;
			buildConfigurationList = 5F45B74B1CF2D1A50052DB95 /* Build configuration list for PBXNativeTarget "ConvertiblePageMenuTests" */;
			buildPhases = (
				5F45B7301CF2D1A50052DB95 /* Sources */,
				5F45B7311CF2D1A50052DB95 /* Frameworks */,
				5F45B7321CF2D1A50052DB95 /* Resources */,
			);
			buildRules = (
			);
			dependencies = (
				5F45B7361CF2D1A50052DB95 /* PBXTargetDependency */,
			);
			name = ConvertiblePageMenuTests;
			productName = ConvertiblePageMenuTests;
			productReference = 5F45B7341CF2D1A50052DB95 /* ConvertiblePageMenuTests.xctest */;
			productType = "com.apple.product-type.bundle.unit-test";
		};
		5F45B73E1CF2D1A50052DB95 /* ConvertiblePageMenuUITests */ = {
			isa = PBXNativeTarget;
			buildConfigurationList = 5F45B74E1CF2D1A50052DB95 /* Build configuration list for PBXNativeTarget "ConvertiblePageMenuUITests" */;
			buildPhases = (
				5F45B73B1CF2D1A50052DB95 /* Sources */,
				5F45B73C1CF2D1A50052DB95 /* Frameworks */,
				5F45B73D1CF2D1A50052DB95 /* Resources */,
			);
			buildRules = (
			);
			dependencies = (
				5F45B7411CF2D1A50052DB95 /* PBXTargetDependency */,
			);
			name = ConvertiblePageMenuUITests;
			productName = ConvertiblePageMenuUITests;
			productReference = 5F45B73F1CF2D1A50052DB95 /* ConvertiblePageMenuUITests.xctest */;
			productType = "com.apple.product-type.bundle.ui-testing";
		};
/* End PBXNativeTarget section */

/* Begin PBXProject section */
		5F45B7181CF2D1A50052DB95 /* Project object */ = {
			isa = PBXProject;
			attributes = {
				LastSwiftUpdateCheck = 0730;
				LastUpgradeCheck = 0730;
				ORGANIZATIONNAME = KumagaiNaoki;
				TargetAttributes = {
					5F45B71F1CF2D1A50052DB95 = {
						CreatedOnToolsVersion = 7.3.1;
					};
					5F45B7331CF2D1A50052DB95 = {
						CreatedOnToolsVersion = 7.3.1;
						TestTargetID = 5F45B71F1CF2D1A50052DB95;
					};
					5F45B73E1CF2D1A50052DB95 = {
						CreatedOnToolsVersion = 7.3.1;
						TestTargetID = 5F45B71F1CF2D1A50052DB95;
					};
				};
			};
			buildConfigurationList = 5F45B71B1CF2D1A50052DB95 /* Build configuration list for PBXProject "ConvertiblePageMenu" */;
			compatibilityVersion = "Xcode 3.2";
			developmentRegion = English;
			hasScannedForEncodings = 0;
			knownRegions = (
				en,
				Base,
			);
			mainGroup = 5F45B7171CF2D1A50052DB95;
			productRefGroup = 5F45B7211CF2D1A50052DB95 /* Products */;
			projectDirPath = "";
			projectRoot = "";
			targets = (
				5F45B71F1CF2D1A50052DB95 /* ConvertiblePageMenu */,
				5F45B7331CF2D1A50052DB95 /* ConvertiblePageMenuTests */,
				5F45B73E1CF2D1A50052DB95 /* ConvertiblePageMenuUITests */,
			);
		};
/* End PBXProject section */

/* Begin PBXResourcesBuildPhase section */
		5F45B71E1CF2D1A50052DB95 /* Resources */ = {
			isa = PBXResourcesBuildPhase;
			buildActionMask = 2147483647;
			files = (
				5F45B72E1CF2D1A50052DB95 /* LaunchScreen.storyboard in Resources */,
				5F45B72B1CF2D1A50052DB95 /* Assets.xcassets in Resources */,
				5F45B7291CF2D1A50052DB95 /* Main.storyboard in Resources */,
			);
			runOnlyForDeploymentPostprocessing = 0;
		};
		5F45B7321CF2D1A50052DB95 /* Resources */ = {
			isa = PBXResourcesBuildPhase;
			buildActionMask = 2147483647;
			files = (
			);
			runOnlyForDeploymentPostprocessing = 0;
		};
		5F45B73D1CF2D1A50052DB95 /* Resources */ = {
			isa = PBXResourcesBuildPhase;
			buildActionMask = 2147483647;
			files = (
			);
			runOnlyForDeploymentPostprocessing = 0;
		};
/* End PBXResourcesBuildPhase section */

/* Begin PBXSourcesBuildPhase section */
		5F45B71C1CF2D1A50052DB95 /* Sources */ = {
			isa = PBXSourcesBuildPhase;
			buildActionMask = 2147483647;
			files = (
				5F45B7261CF2D1A50052DB95 /* ViewController.swift in Sources */,
				5F45B7241CF2D1A50052DB95 /* AppDelegate.swift in Sources */,
			);
			runOnlyForDeploymentPostprocessing = 0;
		};
		5F45B7301CF2D1A50052DB95 /* Sources */ = {
			isa = PBXSourcesBuildPhase;
			buildActionMask = 2147483647;
			files = (
				5F45B7391CF2D1A50052DB95 /* ConvertiblePageMenuTests.swift in Sources */,
			);
			runOnlyForDeploymentPostprocessing = 0;
		};
		5F45B73B1CF2D1A50052DB95 /* Sources */ = {
			isa = PBXSourcesBuildPhase;
			buildActionMask = 2147483647;
			files = (
				5F45B7441CF2D1A50052DB95 /* ConvertiblePageMenuUITests.swift in Sources */,
			);
			runOnlyForDeploymentPostprocessing = 0;
		};
/* End PBXSourcesBuildPhase section */

/* Begin PBXTargetDependency section */
		5F45B7361CF2D1A50052DB95 /* PBXTargetDependency */ = {
			isa = PBXTargetDependency;
			target = 5F45B71F1CF2D1A50052DB95 /* ConvertiblePageMenu */;
			targetProxy = 5F45B7351CF2D1A50052DB95 /* PBXContainerItemProxy */;
		};
		5F45B7411CF2D1A50052DB95 /* PBXTargetDependency */ = {
			isa = PBXTargetDependency;
			target = 5F45B71F1CF2D1A50052DB95 /* ConvertiblePageMenu */;
			targetProxy = 5F45B7401CF2D1A50052DB95 /* PBXContainerItemProxy */;
		};
/* End PBXTargetDependency section */

/* Begin PBXVariantGroup section */
		5F45B7271CF2D1A50052DB95 /* Main.storyboard */ = {
			isa = PBXVariantGroup;
			children = (
				5F45B7281CF2D1A50052DB95 /* Base */,
			);
			name = Main.storyboard;
			sourceTree = "<group>";
		};
		5F45B72C1CF2D1A50052DB95 /* LaunchScreen.storyboard */ = {
			isa = PBXVariantGroup;
			children = (
				5F45B72D1CF2D1A50052DB95 /* Base */,
			);
			name = LaunchScreen.storyboard;
			sourceTree = "<group>";
		};
/* End PBXVariantGroup section */

/* Begin XCBuildConfiguration section */
		5F45B7461CF2D1A50052DB95 /* Debug */ = {
			isa = XCBuildConfiguration;
			buildSettings = {
				ALWAYS_SEARCH_USER_PATHS = NO;
				CLANG_ANALYZER_NONNULL = YES;
				CLANG_CXX_LANGUAGE_STANDARD = "gnu++0x";
				CLANG_CXX_LIBRARY = "libc++";
				CLANG_ENABLE_MODULES = YES;
				CLANG_ENABLE_OBJC_ARC = YES;
				CLANG_WARN_BOOL_CONVERSION = YES;
				CLANG_WARN_CONSTANT_CONVERSION = YES;
				CLANG_WARN_DIRECT_OBJC_ISA_USAGE = YES_ERROR;
				CLANG_WARN_EMPTY_BODY = YES;
				CLANG_WARN_ENUM_CONVERSION = YES;
				CLANG_WARN_INT_CONVERSION = YES;
				CLANG_WARN_OBJC_ROOT_CLASS = YES_ERROR;
				CLANG_WARN_UNREACHABLE_CODE = YES;
				CLANG_WARN__DUPLICATE_METHOD_MATCH = YES;
				"CODE_SIGN_IDENTITY[sdk=iphoneos*]" = "iPhone Developer";
				COPY_PHASE_STRIP = NO;
				DEBUG_INFORMATION_FORMAT = dwarf;
				ENABLE_STRICT_OBJC_MSGSEND = YES;
				ENABLE_TESTABILITY = YES;
				GCC_C_LANGUAGE_STANDARD = gnu99;
				GCC_DYNAMIC_NO_PIC = NO;
				GCC_NO_COMMON_BLOCKS = YES;
				GCC_OPTIMIZATION_LEVEL = 0;
				GCC_PREPROCESSOR_DEFINITIONS = (
					"DEBUG=1",
					"$(inherited)",
				);
				GCC_WARN_64_TO_32_BIT_CONVERSION = YES;
				GCC_WARN_ABOUT_RETURN_TYPE = YES_ERROR;
				GCC_WARN_UNDECLARED_SELECTOR = YES;
				GCC_WARN_UNINITIALIZED_AUTOS = YES_AGGRESSIVE;
				GCC_WARN_UNUSED_FUNCTION = YES;
				GCC_WARN_UNUSED_VARIABLE = YES;
				IPHONEOS_DEPLOYMENT_TARGET = 9.3;
				MTL_ENABLE_DEBUG_INFO = YES;
				ONLY_ACTIVE_ARCH = YES;
				SDKROOT = iphoneos;
				SWIFT_OPTIMIZATION_LEVEL = "-Onone";
			};
			name = Debug;
		};
		5F45B7471CF2D1A50052DB95 /* Release */ = {
			isa = XCBuildConfiguration;
			buildSettings = {
				ALWAYS_SEARCH_USER_PATHS = NO;
				CLANG_ANALYZER_NONNULL = YES;
				CLANG_CXX_LANGUAGE_STANDARD = "gnu++0x";
				CLANG_CXX_LIBRARY = "libc++";
				CLANG_ENABLE_MODULES = YES;
				CLANG_ENABLE_OBJC_ARC = YES;
				CLANG_WARN_BOOL_CONVERSION = YES;
				CLANG_WARN_CONSTANT_CONVERSION = YES;
				CLANG_WARN_DIRECT_OBJC_ISA_USAGE = YES_ERROR;
				CLANG_WARN_EMPTY_BODY = YES;
				CLANG_WARN_ENUM_CONVERSION = YES;
				CLANG_WARN_INT_CONVERSION = YES;
				CLANG_WARN_OBJC_ROOT_CLASS = YES_ERROR;
				CLANG_WARN_UNREACHABLE_CODE = YES;
				CLANG_WARN__DUPLICATE_METHOD_MATCH = YES;
				"CODE_SIGN_IDENTITY[sdk=iphoneos*]" = "iPhone Developer";
				COPY_PHASE_STRIP = NO;
				DEBUG_INFORMATION_FORMAT = "dwarf-with-dsym";
				ENABLE_NS_ASSERTIONS = NO;
				ENABLE_STRICT_OBJC_MSGSEND = YES;
				GCC_C_LANGUAGE_STANDARD = gnu99;
				GCC_NO_COMMON_BLOCKS = YES;
				GCC_WARN_64_TO_32_BIT_CONVERSION = YES;
				GCC_WARN_ABOUT_RETURN_TYPE = YES_ERROR;
				GCC_WARN_UNDECLARED_SELECTOR = YES;
				GCC_WARN_UNINITIALIZED_AUTOS = YES_AGGRESSIVE;
				GCC_WARN_UNUSED_FUNCTION = YES;
				GCC_WARN_UNUSED_VARIABLE = YES;
				IPHONEOS_DEPLOYMENT_TARGET = 9.3;
				MTL_ENABLE_DEBUG_INFO = NO;
				SDKROOT = iphoneos;
				VALIDATE_PRODUCT = YES;
			};
			name = Release;
		};
		5F45B7491CF2D1A50052DB95 /* Debug */ = {
			isa = XCBuildConfiguration;
			buildSettings = {
				ASSETCATALOG_COMPILER_APPICON_NAME = AppIcon;
				INFOPLIST_FILE = ConvertiblePageMenu/Info.plist;
				LD_RUNPATH_SEARCH_PATHS = "$(inherited) @executable_path/Frameworks";
				PRODUCT_BUNDLE_IDENTIFIER = naoki.kumagai.ConvertiblePageMenu;
				PRODUCT_NAME = "$(TARGET_NAME)";
			};
			name = Debug;
		};
		5F45B74A1CF2D1A50052DB95 /* Release */ = {
			isa = XCBuildConfiguration;
			buildSettings = {
				ASSETCATALOG_COMPILER_APPICON_NAME = AppIcon;
				INFOPLIST_FILE = ConvertiblePageMenu/Info.plist;
				LD_RUNPATH_SEARCH_PATHS = "$(inherited) @executable_path/Frameworks";
				PRODUCT_BUNDLE_IDENTIFIER = naoki.kumagai.ConvertiblePageMenu;
				PRODUCT_NAME = "$(TARGET_NAME)";
			};
			name = Release;
		};
		5F45B74C1CF2D1A50052DB95 /* Debug */ = {
			isa = XCBuildConfiguration;
			buildSettings = {
				BUNDLE_LOADER = "$(TEST_HOST)";
				INFOPLIST_FILE = ConvertiblePageMenuTests/Info.plist;
				LD_RUNPATH_SEARCH_PATHS = "$(inherited) @executable_path/Frameworks @loader_path/Frameworks";
				PRODUCT_BUNDLE_IDENTIFIER = naoki.kumagai.ConvertiblePageMenuTests;
				PRODUCT_NAME = "$(TARGET_NAME)";
				TEST_HOST = "$(BUILT_PRODUCTS_DIR)/ConvertiblePageMenu.app/ConvertiblePageMenu";
			};
			name = Debug;
		};
		5F45B74D1CF2D1A50052DB95 /* Release */ = {
			isa = XCBuildConfiguration;
			buildSettings = {
				BUNDLE_LOADER = "$(TEST_HOST)";
				INFOPLIST_FILE = ConvertiblePageMenuTests/Info.plist;
				LD_RUNPATH_SEARCH_PATHS = "$(inherited) @executable_path/Frameworks @loader_path/Frameworks";
				PRODUCT_BUNDLE_IDENTIFIER = naoki.kumagai.ConvertiblePageMenuTests;
				PRODUCT_NAME = "$(TARGET_NAME)";
				TEST_HOST = "$(BUILT_PRODUCTS_DIR)/ConvertiblePageMenu.app/ConvertiblePageMenu";
			};
			name = Release;
		};
		5F45B74F1CF2D1A50052DB95 /* Debug */ = {
			isa = XCBuildConfiguration;
			buildSettings = {
				INFOPLIST_FILE = ConvertiblePageMenuUITests/Info.plist;
				LD_RUNPATH_SEARCH_PATHS = "$(inherited) @executable_path/Frameworks @loader_path/Frameworks";
				PRODUCT_BUNDLE_IDENTIFIER = naoki.kumagai.ConvertiblePageMenuUITests;
				PRODUCT_NAME = "$(TARGET_NAME)";
				TEST_TARGET_NAME = ConvertiblePageMenu;
			};
			name = Debug;
		};
		5F45B7501CF2D1A50052DB95 /* Release */ = {
			isa = XCBuildConfiguration;
			buildSettings = {
				INFOPLIST_FILE = ConvertiblePageMenuUITests/Info.plist;
				LD_RUNPATH_SEARCH_PATHS = "$(inherited) @executable_path/Frameworks @loader_path/Frameworks";
				PRODUCT_BUNDLE_IDENTIFIER = naoki.kumagai.ConvertiblePageMenuUITests;
				PRODUCT_NAME = "$(TARGET_NAME)";
				TEST_TARGET_NAME = ConvertiblePageMenu;
			};
			name = Release;
		};
/* End XCBuildConfiguration section */

/* Begin XCConfigurationList section */
		5F45B71B1CF2D1A50052DB95 /* Build configuration list for PBXProject "ConvertiblePageMenu" */ = {
			isa = XCConfigurationList;
			buildConfigurations = (
				5F45B7461CF2D1A50052DB95 /* Debug */,
				5F45B7471CF2D1A50052DB95 /* Release */,
			);
			defaultConfigurationIsVisible = 0;
			defaultConfigurationName = Release;
		};
		5F45B7481CF2D1A50052DB95 /* Build configuration list for PBXNativeTarget "ConvertiblePageMenu" */ = {
			isa = XCConfigurationList;
			buildConfigurations = (
				5F45B7491CF2D1A50052DB95 /* Debug */,
				5F45B74A1CF2D1A50052DB95 /* Release */,
			);
			defaultConfigurationIsVisible = 0;
		};
		5F45B74B1CF2D1A50052DB95 /* Build configuration list for PBXNativeTarget "ConvertiblePageMenuTests" */ = {
			isa = XCConfigurationList;
			buildConfigurations = (
				5F45B74C1CF2D1A50052DB95 /* Debug */,
				5F45B74D1CF2D1A50052DB95 /* Release */,
			);
			defaultConfigurationIsVisible = 0;
		};
		5F45B74E1CF2D1A50052DB95 /* Build configuration list for PBXNativeTarget "ConvertiblePageMenuUITests" */ = {
			isa = XCConfigurationList;
			buildConfigurations = (
				5F45B74F1CF2D1A50052DB95 /* Debug */,
				5F45B7501CF2D1A50052DB95 /* Release */,
			);
			defaultConfigurationIsVisible = 0;
		};
/* End XCConfigurationList section */
	};
	rootObject = 5F45B7181CF2D1A50052DB95 /* Project object */;
}
